
Microsoft Visual Studio Solution File, Format Version 12.00
# Visual Studio Version 16
VisualStudioVersion = 16.0.31205.134
MinimumVisualStudioVersion = 10.0.40219.1
Project("{9A19103F-16F7-4668-BE54-9A1E7A4F7556}") = "EventBooking", "EventBooking\EventBooking.csproj", "{4C1B9F16-42D3-480D-9DBE-307A86A55274}"
EndProject
Project("{9A19103F-16F7-4668-BE54-9A1E7A4F7556}") = "EventBookingAPI.moc", "EventBookingAPI.moc\EventBookingAPI.moc.csproj", "{D4A8A069-2E32-44EE-9DC1-F89629FF2540}"
EndProject
Project("{FAE04EC0-301F-11D3-BF4B-00C04F79EFBC}") = "EventBooking.moq", "EventBooking.moq\EventBooking.moq.csproj", "{4D6EA29F-FDB0-49B0-B38A-ABF095E48254}"
EndProject
Global
	GlobalSection(SolutionConfigurationPlatforms) = preSolution
		Debug|Any CPU = Debug|Any CPU
		Release|Any CPU = Release|Any CPU
	EndGlobalSection
	GlobalSection(ProjectConfigurationPlatforms) = postSolution
		{4C1B9F16-42D3-480D-9DBE-307A86A55274}.Debug|Any CPU.ActiveCfg = Debug|Any CPU
		{4C1B9F16-42D3-480D-9DBE-307A86A55274}.Debug|Any CPU.Build.0 = Debug|Any CPU
		{4C1B9F16-42D3-480D-9DBE-307A86A55274}.Release|Any CPU.ActiveCfg = Release|Any CPU
		{4C1B9F16-42D3-480D-9DBE-307A86A55274}.Release|Any CPU.Build.0 = Release|Any CPU
		{D4A8A069-2E32-44EE-9DC1-F89629FF2540}.Debug|Any CPU.ActiveCfg = Debug|Any CPU
		{D4A8A069-2E32-44EE-9DC1-F89629FF2540}.Debug|Any CPU.Build.0 = Debug|Any CPU
		{D4A8A069-2E32-44EE-9DC1-F89629FF2540}.Release|Any CPU.ActiveCfg = Release|Any CPU
		{D4A8A069-2E32-44EE-9DC1-F89629FF2540}.Release|Any CPU.Build.0 = Release|Any CPU
		{4D6EA29F-FDB0-49B0-B38A-ABF095E48254}.Debug|Any CPU.ActiveCfg = Debug|Any CPU
		{4D6EA29F-FDB0-49B0-B38A-ABF095E48254}.Debug|Any CPU.Build.0 = Debug|Any CPU
		{4D6EA29F-FDB0-49B0-B38A-ABF095E48254}.Release|Any CPU.ActiveCfg = Release|Any CPU
		{4D6EA29F-FDB0-49B0-B38A-ABF095E48254}.Release|Any CPU.Build.0 = Release|Any CPU
	EndGlobalSection
	GlobalSection(SolutionProperties) = preSolution
		HideSolutionNode = FALSE
	EndGlobalSection
	GlobalSection(ExtensibilityGlobals) = postSolution
		SolutionGuid = {AF343A5F-410D-4F18-B446-0ECEC3D291DA}
	EndGlobalSection
EndGlobal
